
Microsoft Visual Studio Solution File, Format Version 12.00
# Visual Studio Version 17
VisualStudioVersion = 17.14.36203.30 d17.14
MinimumVisualStudioVersion = 10.0.40219.1
Project("{FAE04EC0-301F-11D3-BF4B-00C04F79EFBC}") = "ex1", "ex1.csproj", "{F10CD26D-4F13-4AFD-B0EE-B4A6E16B0002}"
EndProject
Global
	GlobalSection(SolutionConfigurationPlatforms) = preSolution
		Debug|Any CPU = Debug|Any CPU
		Release|Any CPU = Release|Any CPU
	EndGlobalSection
	GlobalSection(ProjectConfigurationPlatforms) = postSolution
		{F10CD26D-4F13-4AFD-B0EE-B4A6E16B0002}.Debug|Any CPU.ActiveCfg = Debug|Any CPU
		{F10CD26D-4F13-4AFD-B0EE-B4A6E16B0002}.Debug|Any CPU.Build.0 = Debug|Any CPU
		{F10CD26D-4F13-4AFD-B0EE-B4A6E16B0002}.Release|Any CPU.ActiveCfg = Release|Any CPU
		{F10CD26D-4F13-4AFD-B0EE-B4A6E16B0002}.Release|Any CPU.Build.0 = Release|Any CPU
	EndGlobalSection
	GlobalSection(SolutionProperties) = preSolution
		HideSolutionNode = FALSE
	EndGlobalSection
	GlobalSection(ExtensibilityGlobals) = postSolution
		SolutionGuid = {DCAA818C-0E9B-4162-980B-31B4906B7973}
	EndGlobalSection
EndGlobal
